
Microsoft Visual Studio Solution File, Format Version 12.00
# Visual Studio Version 17
VisualStudioVersion = 17.13.35806.99 d17.13
MinimumVisualStudioVersion = 10.0.40219.1
Project("{FAE04EC0-301F-11D3-BF4B-00C04F79EFBC}") = "PugaDExamenP2", "PugaDExamenP2\PugaDExamenP2.csproj", "{6F32BD76-C78E-4E2C-B8C7-0F6391E672B5}"
EndProject
Global
	GlobalSection(SolutionConfigurationPlatforms) = preSolution
		Debug|Any CPU = Debug|Any CPU
		Release|Any CPU = Release|Any CPU
	EndGlobalSection
	GlobalSection(ProjectConfigurationPlatforms) = postSolution
		{6F32BD76-C78E-4E2C-B8C7-0F6391E672B5}.Debug|Any CPU.ActiveCfg = Debug|Any CPU
		{6F32BD76-C78E-4E2C-B8C7-0F6391E672B5}.Debug|Any CPU.Build.0 = Debug|Any CPU
		{6F32BD76-C78E-4E2C-B8C7-0F6391E672B5}.Debug|Any CPU.Deploy.0 = Debug|Any CPU
		{6F32BD76-C78E-4E2C-B8C7-0F6391E672B5}.Release|Any CPU.ActiveCfg = Release|Any CPU
		{6F32BD76-C78E-4E2C-B8C7-0F6391E672B5}.Release|Any CPU.Build.0 = Release|Any CPU
		{6F32BD76-C78E-4E2C-B8C7-0F6391E672B5}.Release|Any CPU.Deploy.0 = Release|Any CPU
	EndGlobalSection
	GlobalSection(SolutionProperties) = preSolution
		HideSolutionNode = FALSE
	EndGlobalSection
	GlobalSection(ExtensibilityGlobals) = postSolution
		SolutionGuid = {ECC9BF26-5EDC-46D0-B683-B05660EC2F49}
	EndGlobalSection
EndGlobal
